{
  "name": "test",
  "version": "1.0.0",
  "lockfileVersion": 2,
  "requires": true,
  "packages": {
    "": {
      "name": "test",
      "version": "1.0.0",
      "license": "ISC",
      "dependencies": {
        "drafter": "^2.0.0"
      }
    },
    "node_modules/drafter": {
      "version": "2.0.0",
      "resolved": "https://registry.npmjs.org/drafter/-/drafter-2.0.0.tgz",
      "integrity": "sha512-dguGHbBkCRaan26eyGb0eEaCYdO6wtA7I+EuUVzte5EU46j9x0W98GThUBxsKzUfbvPaS6TR8wcPymfZUoeplg==",
      "dependencies": {
        "drafter.js": "^3.0.2"
      },
      "engines": {
        "node": ">= 4"
      },
      "optionalDependencies": {
        "protagonist": "^2.0.2"
      }
    },
    "node_modules/drafter.js": {
      "version": "3.2.0",
      "resolved": "https://registry.npmjs.org/drafter.js/-/drafter.js-3.2.0.tgz",
      "integrity": "sha512-ThDDh8bTK0p9JJsP2TqqmiOKLqTkdnOF205hc1MF+axfCjXWyRzrNNiPLEUXQrHJJ+bPbkevWjjn5e9x0g0tqA==",
      "engines": {
        "node": ">=4"
      }
    },
    "node_modules/nan": {
      "version": "2.15.0",
      "resolved": "https://registry.npmjs.org/nan/-/nan-2.15.0.tgz",
      "integrity": "sha512-8ZtvEnA2c5aYCZYd1cvgdnU6cqwixRoYg70xPLWUws5ORTa/lnw+u4amixRS/Ac5U5mQVgp9pnlSUnbNWFaWZQ==",
      "optional": true
    },
    "node_modules/protagonist": {
      "version": "2.2.1",
      "resolved": "https://registry.npmjs.org/protagonist/-/protagonist-2.2.1.tgz",
      "integrity": "sha512-tgtsGUiFEDqcPzKOlfX9Y4RgcA/nXBEK5vbumqnEsyuktQCyBM6DPLNRL4BPbpcalHZnCBqOTJD+Oz0PiTjuEg==",
      "hasInstallScript": true,
      "optional": true,
      "dependencies": {
        "nan": "^2.13.2"
      },
      "engines": {
        "node": ">=4"
      }
    }
  },
  "dependencies": {
    "drafter": {
      "version": "2.0.0",
      "resolved": "https://registry.npmjs.org/drafter/-/drafter-2.0.0.tgz",
      "integrity": "sha512-dguGHbBkCRaan26eyGb0eEaCYdO6wtA7I+EuUVzte5EU46j9x0W98GThUBxsKzUfbvPaS6TR8wcPymfZUoeplg==",
      "requires": {
        "drafter.js": "^3.0.2",
        "protagonist": "^2.0.2"
      }
    },
    "drafter.js": {
      "version": "3.2.0",
      "resolved": "https://registry.npmjs.org/drafter.js/-/drafter.js-3.2.0.tgz",
      "integrity": "sha512-ThDDh8bTK0p9JJsP2TqqmiOKLqTkdnOF205hc1MF+axfCjXWyRzrNNiPLEUXQrHJJ+bPbkevWjjn5e9x0g0tqA=="
    },
    "nan": {
      "version": "2.15.0",
      "resolved": "https://registry.npmjs.org/nan/-/nan-2.15.0.tgz",
      "integrity": "sha512-8ZtvEnA2c5aYCZYd1cvgdnU6cqwixRoYg70xPLWUws5ORTa/lnw+u4amixRS/Ac5U5mQVgp9pnlSUnbNWFaWZQ==",
      "optional": true
    },
    "protagonist": {
      "version": "2.2.1",
      "resolved": "https://registry.npmjs.org/protagonist/-/protagonist-2.2.1.tgz",
      "integrity": "sha512-tgtsGUiFEDqcPzKOlfX9Y4RgcA/nXBEK5vbumqnEsyuktQCyBM6DPLNRL4BPbpcalHZnCBqOTJD+Oz0PiTjuEg==",
      "optional": true,
      "requires": {
        "nan": "^2.13.2"
      }
    }
  }
}
